{
  "name": "1-实现软件包",
  "lockfileVersion": 3,
  "requires": true,
  "packages": {
    "": {
      "dependencies": {
        "myutils": "file:myUtils"
      }
    },
    "myUtils": {
      "name": "myutils",
      "version": "1.0.0",
      "license": "MIT"
    },
    "node_modules/myutils": {
      "resolved": "myUtils",
      "link": true
    }
  }
}
